
Microsoft Visual Studio Solution File, Format Version 12.00
# Visual Studio Version 17
VisualStudioVersion = 17.5.002.0
MinimumVisualStudioVersion = 10.0.40219.1
Project("{9A19103F-16F7-4668-BE54-9A1E7A4F7556}") = "blogsitesi", "blogsitesi.csproj", "{CAD86AD3-C9CC-4378-9016-561022A0E518}"
EndProject
Global
	GlobalSection(SolutionConfigurationPlatforms) = preSolution
		Debug|Any CPU = Debug|Any CPU
		Release|Any CPU = Release|Any CPU
	EndGlobalSection
	GlobalSection(ProjectConfigurationPlatforms) = postSolution
		{CAD86AD3-C9CC-4378-9016-561022A0E518}.Debug|Any CPU.ActiveCfg = Debug|Any CPU
		{CAD86AD3-C9CC-4378-9016-561022A0E518}.Debug|Any CPU.Build.0 = Debug|Any CPU
		{CAD86AD3-C9CC-4378-9016-561022A0E518}.Release|Any CPU.ActiveCfg = Release|Any CPU
		{CAD86AD3-C9CC-4378-9016-561022A0E518}.Release|Any CPU.Build.0 = Release|Any CPU
	EndGlobalSection
	GlobalSection(SolutionProperties) = preSolution
		HideSolutionNode = FALSE
	EndGlobalSection
	GlobalSection(ExtensibilityGlobals) = postSolution
		SolutionGuid = {45E83CA0-80D3-404F-883E-7D4829C2D549}
	EndGlobalSection
EndGlobal
